
Microsoft Visual Studio Solution File, Format Version 12.00
# Visual Studio Version 17
VisualStudioVersion = 17.13.35931.197
MinimumVisualStudioVersion = 10.0.40219.1
Project("{FAE04EC0-301F-11D3-BF4B-00C04F79EFBC}") = "FreelanceApp", "FreelanceApp\FreelanceApp.csproj", "{BC425BF2-652A-4A3C-A2DE-F6CD75F1DEA4}"
EndProject
Project("{FAE04EC0-301F-11D3-BF4B-00C04F79EFBC}") = "DAL", "DAL\DAL.csproj", "{DE96F261-28A1-498F-B94B-931B55654A19}"
EndProject
Global
	GlobalSection(SolutionConfigurationPlatforms) = preSolution
		Debug|Any CPU = Debug|Any CPU
		Release|Any CPU = Release|Any CPU
	EndGlobalSection
	GlobalSection(ProjectConfigurationPlatforms) = postSolution
		{BC425BF2-652A-4A3C-A2DE-F6CD75F1DEA4}.Debug|Any CPU.ActiveCfg = Debug|Any CPU
		{BC425BF2-652A-4A3C-A2DE-F6CD75F1DEA4}.Debug|Any CPU.Build.0 = Debug|Any CPU
		{BC425BF2-652A-4A3C-A2DE-F6CD75F1DEA4}.Release|Any CPU.ActiveCfg = Release|Any CPU
		{BC425BF2-652A-4A3C-A2DE-F6CD75F1DEA4}.Release|Any CPU.Build.0 = Release|Any CPU
		{DE96F261-28A1-498F-B94B-931B55654A19}.Debug|Any CPU.ActiveCfg = Debug|Any CPU
		{DE96F261-28A1-498F-B94B-931B55654A19}.Debug|Any CPU.Build.0 = Debug|Any CPU
		{DE96F261-28A1-498F-B94B-931B55654A19}.Release|Any CPU.ActiveCfg = Release|Any CPU
		{DE96F261-28A1-498F-B94B-931B55654A19}.Release|Any CPU.Build.0 = Release|Any CPU
	EndGlobalSection
	GlobalSection(SolutionProperties) = preSolution
		HideSolutionNode = FALSE
	EndGlobalSection
	GlobalSection(ExtensibilityGlobals) = postSolution
		SolutionGuid = {177A4CCB-A994-4D70-859C-B10F458AE2BF}
	EndGlobalSection
EndGlobal
